
Microsoft Visual Studio Solution File, Format Version 12.00
# Visual Studio Version 16
VisualStudioVersion = 16.0.29613.14
MinimumVisualStudioVersion = 10.0.40219.1
Project("{9A19103F-16F7-4668-BE54-9A1E7A4F7556}") = "MultiTurnPromptBot", "..\..\..\Desktop\05.multi-turn-prompt\MultiTurnPromptBot.csproj", "{7A5F7D7B-ADF3-4141-8686-A571F03629A7}"
EndProject
Global
	GlobalSection(SolutionConfigurationPlatforms) = preSolution
		Debug|Any CPU = Debug|Any CPU
		Release|Any CPU = Release|Any CPU
	EndGlobalSection
	GlobalSection(ProjectConfigurationPlatforms) = postSolution
		{7A5F7D7B-ADF3-4141-8686-A571F03629A7}.Debug|Any CPU.ActiveCfg = Debug|Any CPU
		{7A5F7D7B-ADF3-4141-8686-A571F03629A7}.Debug|Any CPU.Build.0 = Debug|Any CPU
		{7A5F7D7B-ADF3-4141-8686-A571F03629A7}.Release|Any CPU.ActiveCfg = Release|Any CPU
		{7A5F7D7B-ADF3-4141-8686-A571F03629A7}.Release|Any CPU.Build.0 = Release|Any CPU
	EndGlobalSection
	GlobalSection(SolutionProperties) = preSolution
		HideSolutionNode = FALSE
	EndGlobalSection
	GlobalSection(ExtensibilityGlobals) = postSolution
		SolutionGuid = {80ADCE06-35D3-4510-B19A-75926939F0C7}
	EndGlobalSection
EndGlobal
